
Microsoft Visual Studio Solution File, Format Version 12.00
# Visual Studio Version 16
VisualStudioVersion = 16.0.29920.165
MinimumVisualStudioVersion = 10.0.40219.1
Project("{F184B08F-C81C-45F6-A57F-5ABD9991F28F}") = "NewCopy", "NewCopy\NewCopy.vbproj", "{6C0BEE63-3ACE-4929-904C-C546C29F3099}"
EndProject
Global
	GlobalSection(SolutionConfigurationPlatforms) = preSolution
		Debug|Any CPU = Debug|Any CPU
		Release|Any CPU = Release|Any CPU
	EndGlobalSection
	GlobalSection(ProjectConfigurationPlatforms) = postSolution
		{6C0BEE63-3ACE-4929-904C-C546C29F3099}.Debug|Any CPU.ActiveCfg = Debug|Any CPU
		{6C0BEE63-3ACE-4929-904C-C546C29F3099}.Debug|Any CPU.Build.0 = Debug|Any CPU
		{6C0BEE63-3ACE-4929-904C-C546C29F3099}.Release|Any CPU.ActiveCfg = Release|Any CPU
		{6C0BEE63-3ACE-4929-904C-C546C29F3099}.Release|Any CPU.Build.0 = Release|Any CPU
	EndGlobalSection
	GlobalSection(SolutionProperties) = preSolution
		HideSolutionNode = FALSE
	EndGlobalSection
	GlobalSection(ExtensibilityGlobals) = postSolution
		SolutionGuid = {208F118B-966B-44BB-BDC1-88AC3A360A7A}
	EndGlobalSection
EndGlobal
